
Microsoft Visual Studio Solution File, Format Version 12.00
# Visual Studio Version 17
VisualStudioVersion = 17.11.35303.130
MinimumVisualStudioVersion = 10.0.40219.1
Project("{FAE04EC0-301F-11D3-BF4B-00C04F79EFBC}") = "3D Test 2 - Placing Objects", "3D Test 2 - Placing Objects\3D Test 2 - Placing Objects.csproj", "{F1A228AF-C5A1-4233-B346-D34F9558959A}"
EndProject
Global
	GlobalSection(SolutionConfigurationPlatforms) = preSolution
		Debug|Any CPU = Debug|Any CPU
		Release|Any CPU = Release|Any CPU
	EndGlobalSection
	GlobalSection(ProjectConfigurationPlatforms) = postSolution
		{F1A228AF-C5A1-4233-B346-D34F9558959A}.Debug|Any CPU.ActiveCfg = Debug|Any CPU
		{F1A228AF-C5A1-4233-B346-D34F9558959A}.Debug|Any CPU.Build.0 = Debug|Any CPU
		{F1A228AF-C5A1-4233-B346-D34F9558959A}.Release|Any CPU.ActiveCfg = Release|Any CPU
		{F1A228AF-C5A1-4233-B346-D34F9558959A}.Release|Any CPU.Build.0 = Release|Any CPU
	EndGlobalSection
	GlobalSection(SolutionProperties) = preSolution
		HideSolutionNode = FALSE
	EndGlobalSection
	GlobalSection(ExtensibilityGlobals) = postSolution
		SolutionGuid = {BA3A3FC5-FAF2-4393-8622-4E4B687933C2}
	EndGlobalSection
EndGlobal
